
Microsoft Visual Studio Solution File, Format Version 12.00
# Visual Studio Version 17
VisualStudioVersion = 17.8.34309.116
MinimumVisualStudioVersion = 10.0.40219.1
Project("{9A19103F-16F7-4668-BE54-9A1E7A4F7556}") = "BloomFilter", "Bloom\BloomFilter.csproj", "{3133F611-5E02-46B5-BAB1-C1857EE7056C}"
EndProject
Project("{FAE04EC0-301F-11D3-BF4B-00C04F79EFBC}") = "Test", "Test\Test\Test.csproj", "{A1E562F6-4FBF-45EB-8DF1-92BE2BE35713}"
EndProject
Global
	GlobalSection(SolutionConfigurationPlatforms) = preSolution
		Debug|Any CPU = Debug|Any CPU
		Release|Any CPU = Release|Any CPU
	EndGlobalSection
	GlobalSection(ProjectConfigurationPlatforms) = postSolution
		{3133F611-5E02-46B5-BAB1-C1857EE7056C}.Debug|Any CPU.ActiveCfg = Debug|Any CPU
		{3133F611-5E02-46B5-BAB1-C1857EE7056C}.Debug|Any CPU.Build.0 = Debug|Any CPU
		{3133F611-5E02-46B5-BAB1-C1857EE7056C}.Release|Any CPU.ActiveCfg = Release|Any CPU
		{3133F611-5E02-46B5-BAB1-C1857EE7056C}.Release|Any CPU.Build.0 = Release|Any CPU
		{A1E562F6-4FBF-45EB-8DF1-92BE2BE35713}.Debug|Any CPU.ActiveCfg = Debug|Any CPU
		{A1E562F6-4FBF-45EB-8DF1-92BE2BE35713}.Debug|Any CPU.Build.0 = Debug|Any CPU
		{A1E562F6-4FBF-45EB-8DF1-92BE2BE35713}.Release|Any CPU.ActiveCfg = Release|Any CPU
		{A1E562F6-4FBF-45EB-8DF1-92BE2BE35713}.Release|Any CPU.Build.0 = Release|Any CPU
	EndGlobalSection
	GlobalSection(SolutionProperties) = preSolution
		HideSolutionNode = FALSE
	EndGlobalSection
	GlobalSection(ExtensibilityGlobals) = postSolution
		SolutionGuid = {590F3F46-67D3-49FD-8763-BB6ECEA46058}
	EndGlobalSection
EndGlobal
