
Microsoft Visual Studio Solution File, Format Version 12.00
# Visual Studio Version 17
VisualStudioVersion = 17.8.34309.116
MinimumVisualStudioVersion = 10.0.40219.1
Project("{FAE04EC0-301F-11D3-BF4B-00C04F79EFBC}") = "BloomFilter", "BloomFilter.csproj", "{91FE507E-421B-4FB6-A6BD-9B55F6BAD068}"
EndProject
Global
	GlobalSection(SolutionConfigurationPlatforms) = preSolution
		Debug|Any CPU = Debug|Any CPU
		Release|Any CPU = Release|Any CPU
	EndGlobalSection
	GlobalSection(ProjectConfigurationPlatforms) = postSolution
		{91FE507E-421B-4FB6-A6BD-9B55F6BAD068}.Debug|Any CPU.ActiveCfg = Debug|Any CPU
		{91FE507E-421B-4FB6-A6BD-9B55F6BAD068}.Debug|Any CPU.Build.0 = Debug|Any CPU
		{91FE507E-421B-4FB6-A6BD-9B55F6BAD068}.Release|Any CPU.ActiveCfg = Release|Any CPU
		{91FE507E-421B-4FB6-A6BD-9B55F6BAD068}.Release|Any CPU.Build.0 = Release|Any CPU
	EndGlobalSection
	GlobalSection(SolutionProperties) = preSolution
		HideSolutionNode = FALSE
	EndGlobalSection
	GlobalSection(ExtensibilityGlobals) = postSolution
		SolutionGuid = {590F3F46-67D3-49FD-8763-BB6ECEA46058}
	EndGlobalSection
EndGlobal
